
Microsoft Visual Studio Solution File, Format Version 12.00
# Visual Studio Version 16
VisualStudioVersion = 16.0.31005.135
MinimumVisualStudioVersion = 10.0.40219.1
Project("{9A19103F-16F7-4668-BE54-9A1E7A4F7556}") = "QuickShop.App", "QuickShop.App\QuickShop.App.csproj", "{8E8B8D03-20CE-46CB-8B37-5030C5A1C580}"
EndProject
Project("{9A19103F-16F7-4668-BE54-9A1E7A4F7556}") = "QuickShop.Usecases", "QuickShop.Usecases\QuickShop.Usecases.csproj", "{6BE4501D-EBB1-4B16-8D3B-4DAEBD7A024F}"
EndProject
Project("{9A19103F-16F7-4668-BE54-9A1E7A4F7556}") = "QuickShop.CoreBusiness", "QuickShop.CoreBusiness\QuickShop.CoreBusiness.csproj", "{B5DCCA78-D17E-46BF-ABF8-F7E491E44E47}"
EndProject
Project("{2150E333-8FDC-42A3-9474-1A3956D46DE8}") = "Plugins", "Plugins", "{78A9DACA-E369-436A-B51A-F59231BE0F12}"
EndProject
Project("{9A19103F-16F7-4668-BE54-9A1E7A4F7556}") = "QuickShop.DataStore.StaticFile", "Plugins\QuickShop.DataStore.StaticFile\QuickShop.DataStore.StaticFile.csproj", "{E721F21F-0FED-4CB1-9505-F484E4B509D2}"
EndProject
Global
	GlobalSection(SolutionConfigurationPlatforms) = preSolution
		Debug|Any CPU = Debug|Any CPU
		Release|Any CPU = Release|Any CPU
	EndGlobalSection
	GlobalSection(ProjectConfigurationPlatforms) = postSolution
		{8E8B8D03-20CE-46CB-8B37-5030C5A1C580}.Debug|Any CPU.ActiveCfg = Debug|Any CPU
		{8E8B8D03-20CE-46CB-8B37-5030C5A1C580}.Debug|Any CPU.Build.0 = Debug|Any CPU
		{8E8B8D03-20CE-46CB-8B37-5030C5A1C580}.Release|Any CPU.ActiveCfg = Release|Any CPU
		{8E8B8D03-20CE-46CB-8B37-5030C5A1C580}.Release|Any CPU.Build.0 = Release|Any CPU
		{6BE4501D-EBB1-4B16-8D3B-4DAEBD7A024F}.Debug|Any CPU.ActiveCfg = Debug|Any CPU
		{6BE4501D-EBB1-4B16-8D3B-4DAEBD7A024F}.Debug|Any CPU.Build.0 = Debug|Any CPU
		{6BE4501D-EBB1-4B16-8D3B-4DAEBD7A024F}.Release|Any CPU.ActiveCfg = Release|Any CPU
		{6BE4501D-EBB1-4B16-8D3B-4DAEBD7A024F}.Release|Any CPU.Build.0 = Release|Any CPU
		{B5DCCA78-D17E-46BF-ABF8-F7E491E44E47}.Debug|Any CPU.ActiveCfg = Debug|Any CPU
		{B5DCCA78-D17E-46BF-ABF8-F7E491E44E47}.Debug|Any CPU.Build.0 = Debug|Any CPU
		{B5DCCA78-D17E-46BF-ABF8-F7E491E44E47}.Release|Any CPU.ActiveCfg = Release|Any CPU
		{B5DCCA78-D17E-46BF-ABF8-F7E491E44E47}.Release|Any CPU.Build.0 = Release|Any CPU
		{E721F21F-0FED-4CB1-9505-F484E4B509D2}.Debug|Any CPU.ActiveCfg = Debug|Any CPU
		{E721F21F-0FED-4CB1-9505-F484E4B509D2}.Debug|Any CPU.Build.0 = Debug|Any CPU
		{E721F21F-0FED-4CB1-9505-F484E4B509D2}.Release|Any CPU.ActiveCfg = Release|Any CPU
		{E721F21F-0FED-4CB1-9505-F484E4B509D2}.Release|Any CPU.Build.0 = Release|Any CPU
	EndGlobalSection
	GlobalSection(SolutionProperties) = preSolution
		HideSolutionNode = FALSE
	EndGlobalSection
	GlobalSection(NestedProjects) = preSolution
		{E721F21F-0FED-4CB1-9505-F484E4B509D2} = {78A9DACA-E369-436A-B51A-F59231BE0F12}
	EndGlobalSection
	GlobalSection(ExtensibilityGlobals) = postSolution
		SolutionGuid = {9DDFF018-D1AE-45C3-A5BE-6A851C4BF38B}
	EndGlobalSection
EndGlobal
